<?xml version="1.0" encoding="utf-8"?>
<Project ToolsVersion="4.0" xmlns="http://schemas.microsoft.com/developer/msbuild/2003">
  <ItemGroup>
    <Filter Include="Source Files">
      <UniqueIdentifier>{4FC737F1-C7A5-4376-A066-2A32D752A2FF}</UniqueIdentifier>
      <Extensions>cpp;c;cc;cxx;c++;cppm;ixx;def;odl;idl;hpj;bat;asm;asmx</Extensions>
    </Filter>
    <Filter Include="Header Files">
      <UniqueIdentifier>{93995380-89BD-4b04-88EB-625FBE52EBFB}</UniqueIdentifier>
      <Extensions>h;hh;hpp;hxx;h++;hm;inl;inc;ipp;xsd</Extensions>
    </Filter>
    <Filter Include="Resource Files">
      <UniqueIdentifier>{67DA6AB6-F800-4c08-8B7A-83BB121AAD01}</UniqueIdentifier>
      <Extensions>rc;ico;cur;bmp;dlg;rc2;rct;bin;rgs;gif;jpg;jpeg;jpe;resx;tiff;tif;png;wav;mfcribbon-ms</Extensions>
    </Filter>
    <Filter Include="Header Files\buttons">
      <UniqueIdentifier>{fec384bf-8d8e-4a83-8148-9a11829eabc3}</UniqueIdentifier>
    </Filter>
    <Filter Include="Source Files\buttons">
      <UniqueIdentifier>{4fa2ba2f-7c11-4b11-8b2d-6d7509df826e}</UniqueIdentifier>
    </Filter>
    <Filter Include="Source Files\maps">
      <UniqueIdentifier>{3824b822-f528-4a71-be98-baf03b5010fb}</UniqueIdentifier>
    </Filter>
    <Filter Include="Header Files\utils">
      <UniqueIdentifier>{0f04f532-f5ae-4fe9-8c2c-96788ff6750d}</UniqueIdentifier>
    </Filter>
    <Filter Include="Source Files\menus">
      <UniqueIdentifier>{00fac358-d202-4079-a05a-b55d7246bbde}</UniqueIdentifier>
    </Filter>
    <Filter Include="Header Files\menus">
      <UniqueIdentifier>{0a57efae-7be7-48a1-81b7-944739f9af2e}</UniqueIdentifier>
    </Filter>
    <Filter Include="Header Files\data structs">
      <UniqueIdentifier>{53d23990-7db6-473b-bd14-5b0af260c914}</UniqueIdentifier>
    </Filter>
    <Filter Include="Source Files\utils">
      <UniqueIdentifier>{c268a07f-1df0-4caf-927b-e3fbf7361b6f}</UniqueIdentifier>
    </Filter>
    <Filter Include="Header Files\enums">
      <UniqueIdentifier>{4168eb55-e3ce-4fde-b320-57319ceb42a0}</UniqueIdentifier>
    </Filter>
    <Filter Include="Header Files\map">
      <UniqueIdentifier>{f2b5dbf0-9c7a-4bdd-9eb2-0e0dfb286373}</UniqueIdentifier>
    </Filter>
  </ItemGroup>
  <ItemGroup>
    <ClCompile Include="BasicRPG.cpp">
      <Filter>Source Files</Filter>
    </ClCompile>
    <ClCompile Include="Texture.cpp">
      <Filter>Source Files</Filter>
    </ClCompile>
    <ClCompile Include="Game.cpp">
      <Filter>Source Files</Filter>
    </ClCompile>
    <ClCompile Include="Button.cpp">
      <Filter>Source Files\buttons</Filter>
    </ClCompile>
    <ClCompile Include="GameMap.cpp">
      <Filter>Source Files\maps</Filter>
    </ClCompile>
    <ClCompile Include="LevelMap.cpp">
      <Filter>Source Files\maps</Filter>
    </ClCompile>
    <ClCompile Include="SpriteSheet.cpp">
      <Filter>Source Files</Filter>
    </ClCompile>
    <ClCompile Include="NewGameButton.cpp">
      <Filter>Source Files\buttons</Filter>
    </ClCompile>
    <ClCompile Include="Menu.cpp">
      <Filter>Source Files\menus</Filter>
    </ClCompile>
    <ClCompile Include="MainMenu.cpp">
      <Filter>Source Files\menus</Filter>
    </ClCompile>
    <ClCompile Include="ExitButton.cpp">
      <Filter>Source Files\buttons</Filter>
    </ClCompile>
    <ClCompile Include="Constants.h">
      <Filter>Header Files\utils</Filter>
    </ClCompile>
    <ClCompile Include="FileHandler.cpp">
      <Filter>Source Files\utils</Filter>
    </ClCompile>
  </ItemGroup>
  <ItemGroup>
    <ClInclude Include="Texture.h">
      <Filter>Header Files</Filter>
    </ClInclude>
    <ClInclude Include="Game.h">
      <Filter>Header Files</Filter>
    </ClInclude>
    <ClInclude Include="ButtonSprite.h">
      <Filter>Header Files\enums</Filter>
    </ClInclude>
    <ClInclude Include="Button.h">
      <Filter>Header Files\buttons</Filter>
    </ClInclude>
    <ClInclude Include="GameMap.h">
      <Filter>Header Files\map</Filter>
    </ClInclude>
    <ClInclude Include="LevelMap.h">
      <Filter>Header Files\map</Filter>
    </ClInclude>
    <ClInclude Include="SpriteSheet.h">
      <Filter>Header Files</Filter>
    </ClInclude>
    <ClInclude Include="Square.h">
      <Filter>Header Files\utils</Filter>
    </ClInclude>
    <ClInclude Include="NewGameButton.h">
      <Filter>Header Files\buttons</Filter>
    </ClInclude>
    <ClInclude Include="ButtonType.h">
      <Filter>Header Files\enums</Filter>
    </ClInclude>
    <ClInclude Include="Menu.h">
      <Filter>Header Files\menus</Filter>
    </ClInclude>
    <ClInclude Include="MainMenu.h">
      <Filter>Header Files\menus</Filter>
    </ClInclude>
    <ClInclude Include="ExitButton.h">
      <Filter>Header Files\buttons</Filter>
    </ClInclude>
    <ClInclude Include="GameEvents.h">
      <Filter>Header Files\enums</Filter>
    </ClInclude>
    <ClInclude Include="FileHandler.h">
      <Filter>Header Files\utils</Filter>
    </ClInclude>
    <ClInclude Include="SpriteSheetData.h">
      <Filter>Header Files\data structs</Filter>
    </ClInclude>
    <ClInclude Include="TerrainData.h">
      <Filter>Header Files\data structs</Filter>
    </ClInclude>
  </ItemGroup>
  <ItemGroup>
    <Image Include="Resources\Wall.png">
      <Filter>Resource Files</Filter>
    </Image>
    <Image Include="Resources\Floor.png">
      <Filter>Resource Files</Filter>
    </Image>
  </ItemGroup>
  <ItemGroup>
    <Font Include="Resources\SDS_6x6.ttf">
      <Filter>Resource Files</Filter>
    </Font>
    <Font Include="Resources\SDS_8x8.ttf">
      <Filter>Resource Files</Filter>
    </Font>
  </ItemGroup>
</Project>